
Microsoft Visual Studio Solution File, Format Version 12.00
# Visual Studio Version 16
VisualStudioVersion = 16.0.31702.278
MinimumVisualStudioVersion = 10.0.40219.1
Project("{FAE04EC0-301F-11D3-BF4B-00C04F79EFBC}") = "Supermarket.ShoppingCart", "Supermarket.ShoppingCart\Supermarket.ShoppingCart.csproj", "{98F4A7A8-C90C-42C9-BF55-EBFC05CE72E0}"
EndProject
Project("{FAE04EC0-301F-11D3-BF4B-00C04F79EFBC}") = "Supermarket.ShoppingCart.UI", "Supermarket.ShoppingCart.UI\Supermarket.ShoppingCart.UI.csproj", "{5E63A2B9-4EDF-40D0-ACCC-6A60B5109CCC}"
EndProject
Project("{FAE04EC0-301F-11D3-BF4B-00C04F79EFBC}") = "Supermarket.ShoppingCart.Tests", "Supermarket.ShoppingCart.Tests\Supermarket.ShoppingCart.Tests.csproj", "{F99D8145-AD4E-459E-A108-57AB4E756301}"
EndProject
Project("{2150E333-8FDC-42A3-9474-1A3956D46DE8}") = "Solution Items", "Solution Items", "{398202FA-9A29-45C4-98D2-5CBAC4B49926}"
	ProjectSection(SolutionItems) = preProject
		readme.txt = readme.txt
	EndProjectSection
EndProject
Global
	GlobalSection(SolutionConfigurationPlatforms) = preSolution
		Debug|Any CPU = Debug|Any CPU
		Release|Any CPU = Release|Any CPU
	EndGlobalSection
	GlobalSection(ProjectConfigurationPlatforms) = postSolution
		{98F4A7A8-C90C-42C9-BF55-EBFC05CE72E0}.Debug|Any CPU.ActiveCfg = Debug|Any CPU
		{98F4A7A8-C90C-42C9-BF55-EBFC05CE72E0}.Debug|Any CPU.Build.0 = Debug|Any CPU
		{98F4A7A8-C90C-42C9-BF55-EBFC05CE72E0}.Release|Any CPU.ActiveCfg = Release|Any CPU
		{98F4A7A8-C90C-42C9-BF55-EBFC05CE72E0}.Release|Any CPU.Build.0 = Release|Any CPU
		{5E63A2B9-4EDF-40D0-ACCC-6A60B5109CCC}.Debug|Any CPU.ActiveCfg = Debug|Any CPU
		{5E63A2B9-4EDF-40D0-ACCC-6A60B5109CCC}.Debug|Any CPU.Build.0 = Debug|Any CPU
		{5E63A2B9-4EDF-40D0-ACCC-6A60B5109CCC}.Release|Any CPU.ActiveCfg = Release|Any CPU
		{5E63A2B9-4EDF-40D0-ACCC-6A60B5109CCC}.Release|Any CPU.Build.0 = Release|Any CPU
		{F99D8145-AD4E-459E-A108-57AB4E756301}.Debug|Any CPU.ActiveCfg = Debug|Any CPU
		{F99D8145-AD4E-459E-A108-57AB4E756301}.Debug|Any CPU.Build.0 = Debug|Any CPU
		{F99D8145-AD4E-459E-A108-57AB4E756301}.Release|Any CPU.ActiveCfg = Release|Any CPU
		{F99D8145-AD4E-459E-A108-57AB4E756301}.Release|Any CPU.Build.0 = Release|Any CPU
	EndGlobalSection
	GlobalSection(SolutionProperties) = preSolution
		HideSolutionNode = FALSE
	EndGlobalSection
	GlobalSection(ExtensibilityGlobals) = postSolution
		SolutionGuid = {BAFF486F-5F7F-4EE4-A664-5D6744F80022}
	EndGlobalSection
EndGlobal
